// !$*UTF8*$!
{
	archiveVersion = 1;
	classes = {
	};
	objectVersion = 46;
	objects = {

/* Begin PBXBuildFile section */
		1821AA7D1CBAEC8D001D9E5B /* AppDelegate.swift in Sources */ = {isa = PBXBuildFile; fileRef = 1821AA7C1CBAEC8D001D9E5B /* AppDelegate.swift */; };
		1821AA7F1CBAEC8D001D9E5B /* ViewController.swift in Sources */ = {isa = PBXBuildFile; fileRef = 1821AA7E1CBAEC8D001D9E5B /* ViewController.swift */; };
		1821AA821CBAEC8D001D9E5B /* Main.storyboard in Resources */ = {isa = PBXBuildFile; fileRef = 1821AA801CBAEC8D001D9E5B /* Main.storyboard */; };
		1821AA841CBAEC8D001D9E5B /* Assets.xcassets in Resources */ = {isa = PBXBuildFile; fileRef = 1821AA831CBAEC8D001D9E5B /* Assets.xcassets */; };
		1821AA871CBAEC8D001D9E5B /* LaunchScreen.storyboard in Resources */ = {isa = PBXBuildFile; fileRef = 1821AA851CBAEC8D001D9E5B /* LaunchScreen.storyboard */; };
		1821AA921CBAEC8D001D9E5B /* OnTheMapTests.swift in Sources */ = {isa = PBXBuildFile; fileRef = 1821AA911CBAEC8D001D9E5B /* OnTheMapTests.swift */; };
		1821AA9D1CBAEC8D001D9E5B /* OnTheMapUITests.swift in Sources */ = {isa = PBXBuildFile; fileRef = 1821AA9C1CBAEC8D001D9E5B /* OnTheMapUITests.swift */; };
		1821AAAE1CBAF2C3001D9E5B /* LoginViewController.swift in Sources */ = {isa = PBXBuildFile; fileRef = 1821AAAD1CBAF2C3001D9E5B /* LoginViewController.swift */; };
		1821AAB01CBAF99B001D9E5B /* NetworkRequestBuilder.swift in Sources */ = {isa = PBXBuildFile; fileRef = 1821AAAF1CBAF99B001D9E5B /* NetworkRequestBuilder.swift */; };
		1821AAB41CBAF9E3001D9E5B /* UdacityClient.swift in Sources */ = {isa = PBXBuildFile; fileRef = 1821AAB31CBAF9E3001D9E5B /* UdacityClient.swift */; };
		1821AAB61CBAFEAA001D9E5B /* UdacityConstants.swift in Sources */ = {isa = PBXBuildFile; fileRef = 1821AAB51CBAFEAA001D9E5B /* UdacityConstants.swift */; };
		1821AAB81CBB007C001D9E5B /* UdacityConvenience.swift in Sources */ = {isa = PBXBuildFile; fileRef = 1821AAB71CBB007C001D9E5B /* UdacityConvenience.swift */; };
/* End PBXBuildFile section */

/* Begin PBXContainerItemProxy section */
		1821AA8E1CBAEC8D001D9E5B /* PBXContainerItemProxy */ = {
			isa = PBXContainerItemProxy;
			containerPortal = 1821AA711CBAEC8D001D9E5B /* Project object */;
			proxyType = 1;
			remoteGlobalIDString = 1821AA781CBAEC8D001D9E5B;
			remoteInfo = OnTheMap;
		};
		1821AA991CBAEC8D001D9E5B /* PBXContainerItemProxy */ = {
			isa = PBXContainerItemProxy;
			containerPortal = 1821AA711CBAEC8D001D9E5B /* Project object */;
			proxyType = 1;
			remoteGlobalIDString = 1821AA781CBAEC8D001D9E5B;
			remoteInfo = OnTheMap;
		};
/* End PBXContainerItemProxy section */

/* Begin PBXFileReference section */
		1821AA791CBAEC8D001D9E5B /* OnTheMap.app */ = {isa = PBXFileReference; explicitFileType = wrapper.application; includeInIndex = 0; path = OnTheMap.app; sourceTree = BUILT_PRODUCTS_DIR; };
		1821AA7C1CBAEC8D001D9E5B /* AppDelegate.swift */ = {isa = PBXFileReference; lastKnownFileType = sourcecode.swift; path = AppDelegate.swift; sourceTree = "<group>"; };
		1821AA7E1CBAEC8D001D9E5B /* ViewController.swift */ = {isa = PBXFileReference; lastKnownFileType = sourcecode.swift; path = ViewController.swift; sourceTree = "<group>"; };
		1821AA811CBAEC8D001D9E5B /* Base */ = {isa = PBXFileReference; lastKnownFileType = file.storyboard; name = Base; path = Base.lproj/Main.storyboard; sourceTree = "<group>"; };
		1821AA831CBAEC8D001D9E5B /* Assets.xcassets */ = {isa = PBXFileReference; lastKnownFileType = folder.assetcatalog; path = Assets.xcassets; sourceTree = "<group>"; };
		1821AA861CBAEC8D001D9E5B /* Base */ = {isa = PBXFileReference; lastKnownFileType = file.storyboard; name = Base; path = Base.lproj/LaunchScreen.storyboard; sourceTree = "<group>"; };
		1821AA881CBAEC8D001D9E5B /* Info.plist */ = {isa = PBXFileReference; lastKnownFileType = text.plist.xml; path = Info.plist; sourceTree = "<group>"; };
		1821AA8D1CBAEC8D001D9E5B /* OnTheMapTests.xctest */ = {isa = PBXFileReference; explicitFileType = wrapper.cfbundle; includeInIndex = 0; path = OnTheMapTests.xctest; sourceTree = BUILT_PRODUCTS_DIR; };
		1821AA911CBAEC8D001D9E5B /* OnTheMapTests.swift */ = {isa = PBXFileReference; lastKnownFileType = sourcecode.swift; path = OnTheMapTests.swift; sourceTree = "<group>"; };
		1821AA931CBAEC8D001D9E5B /* Info.plist */ = {isa = PBXFileReference; lastKnownFileType = text.plist.xml; path = Info.plist; sourceTree = "<group>"; };
		1821AA981CBAEC8D001D9E5B /* OnTheMapUITests.xctest */ = {isa = PBXFileReference; explicitFileType = wrapper.cfbundle; includeInIndex = 0; path = OnTheMapUITests.xctest; sourceTree = BUILT_PRODUCTS_DIR; };
		1821AA9C1CBAEC8D001D9E5B /* OnTheMapUITests.swift */ = {isa = PBXFileReference; lastKnownFileType = sourcecode.swift; path = OnTheMapUITests.swift; sourceTree = "<group>"; };
		1821AA9E1CBAEC8D001D9E5B /* Info.plist */ = {isa = PBXFileReference; lastKnownFileType = text.plist.xml; path = Info.plist; sourceTree = "<group>"; };
		1821AAAD1CBAF2C3001D9E5B /* LoginViewController.swift */ = {isa = PBXFileReference; fileEncoding = 4; lastKnownFileType = sourcecode.swift; path = LoginViewController.swift; sourceTree = "<group>"; };
		1821AAAF1CBAF99B001D9E5B /* NetworkRequestBuilder.swift */ = {isa = PBXFileReference; fileEncoding = 4; lastKnownFileType = sourcecode.swift; path = NetworkRequestBuilder.swift; sourceTree = "<group>"; };
		1821AAB31CBAF9E3001D9E5B /* UdacityClient.swift */ = {isa = PBXFileReference; fileEncoding = 4; lastKnownFileType = sourcecode.swift; path = UdacityClient.swift; sourceTree = "<group>"; };
		1821AAB51CBAFEAA001D9E5B /* UdacityConstants.swift */ = {isa = PBXFileReference; fileEncoding = 4; lastKnownFileType = sourcecode.swift; path = UdacityConstants.swift; sourceTree = "<group>"; };
		1821AAB71CBB007C001D9E5B /* UdacityConvenience.swift */ = {isa = PBXFileReference; fileEncoding = 4; lastKnownFileType = sourcecode.swift; path = UdacityConvenience.swift; sourceTree = "<group>"; };
/* End PBXFileReference section */

/* Begin PBXFrameworksBuildPhase section */
		1821AA761CBAEC8D001D9E5B /* Frameworks */ = {
			isa = PBXFrameworksBuildPhase;
			buildActionMask = 2147483647;
			files = (
			);
			runOnlyForDeploymentPostprocessing = 0;
		};
		1821AA8A1CBAEC8D001D9E5B /* Frameworks */ = {
			isa = PBXFrameworksBuildPhase;
			buildActionMask = 2147483647;
			files = (
			);
			runOnlyForDeploymentPostprocessing = 0;
		};
		1821AA951CBAEC8D001D9E5B /* Frameworks */ = {
			isa = PBXFrameworksBuildPhase;
			buildActionMask = 2147483647;
			files = (
			);
			runOnlyForDeploymentPostprocessing = 0;
		};
/* End PBXFrameworksBuildPhase section */

/* Begin PBXGroup section */
		1821AA701CBAEC8D001D9E5B = {
			isa = PBXGroup;
			children = (
				1821AA7B1CBAEC8D001D9E5B /* OnTheMap */,
				1821AA901CBAEC8D001D9E5B /* OnTheMapTests */,
				1821AA9B1CBAEC8D001D9E5B /* OnTheMapUITests */,
				1821AA7A1CBAEC8D001D9E5B /* Products */,
			);
			sourceTree = "<group>";
		};
		1821AA7A1CBAEC8D001D9E5B /* Products */ = {
			isa = PBXGroup;
			children = (
				1821AA791CBAEC8D001D9E5B /* OnTheMap.app */,
				1821AA8D1CBAEC8D001D9E5B /* OnTheMapTests.xctest */,
				1821AA981CBAEC8D001D9E5B /* OnTheMapUITests.xctest */,
			);
			name = Products;
			sourceTree = "<group>";
		};
		1821AA7B1CBAEC8D001D9E5B /* OnTheMap */ = {
			isa = PBXGroup;
			children = (
				1821AAAA1CBAF288001D9E5B /* Model */,
				1821AAAB1CBAF28E001D9E5B /* View */,
				1821AAAC1CBAF293001D9E5B /* Controller */,
				1821AA7C1CBAEC8D001D9E5B /* AppDelegate.swift */,
				1821AA7E1CBAEC8D001D9E5B /* ViewController.swift */,
				1821AA801CBAEC8D001D9E5B /* Main.storyboard */,
				1821AA831CBAEC8D001D9E5B /* Assets.xcassets */,
				1821AA851CBAEC8D001D9E5B /* LaunchScreen.storyboard */,
				1821AA881CBAEC8D001D9E5B /* Info.plist */,
			);
			path = OnTheMap;
			sourceTree = "<group>";
		};
		1821AA901CBAEC8D001D9E5B /* OnTheMapTests */ = {
			isa = PBXGroup;
			children = (
				1821AA911CBAEC8D001D9E5B /* OnTheMapTests.swift */,
				1821AA931CBAEC8D001D9E5B /* Info.plist */,
			);
			path = OnTheMapTests;
			sourceTree = "<group>";
		};
		1821AA9B1CBAEC8D001D9E5B /* OnTheMapUITests */ = {
			isa = PBXGroup;
			children = (
				1821AA9C1CBAEC8D001D9E5B /* OnTheMapUITests.swift */,
				1821AA9E1CBAEC8D001D9E5B /* Info.plist */,
			);
			path = OnTheMapUITests;
			sourceTree = "<group>";
		};
		1821AAAA1CBAF288001D9E5B /* Model */ = {
			isa = PBXGroup;
			children = (
				1821AAB11CBAF9B5001D9E5B /* Clients */,
				1821AAAF1CBAF99B001D9E5B /* NetworkRequestBuilder.swift */,
			);
			name = Model;
			sourceTree = "<group>";
		};
		1821AAAB1CBAF28E001D9E5B /* View */ = {
			isa = PBXGroup;
			children = (
			);
			name = View;
			sourceTree = "<group>";
		};
		1821AAAC1CBAF293001D9E5B /* Controller */ = {
			isa = PBXGroup;
			children = (
				1821AAAD1CBAF2C3001D9E5B /* LoginViewController.swift */,
			);
			name = Controller;
			sourceTree = "<group>";
		};
		1821AAB11CBAF9B5001D9E5B /* Clients */ = {
			isa = PBXGroup;
			children = (
				1821AAB21CBAF9CB001D9E5B /* Udacity */,
			);
			name = Clients;
			sourceTree = "<group>";
		};
		1821AAB21CBAF9CB001D9E5B /* Udacity */ = {
			isa = PBXGroup;
			children = (
				1821AAB31CBAF9E3001D9E5B /* UdacityClient.swift */,
				1821AAB51CBAFEAA001D9E5B /* UdacityConstants.swift */,
				1821AAB71CBB007C001D9E5B /* UdacityConvenience.swift */,
			);
			name = Udacity;
			sourceTree = "<group>";
		};
/* End PBXGroup section */

/* Begin PBXNativeTarget section */
		1821AA781CBAEC8D001D9E5B /* OnTheMap */ = {
			isa = PBXNativeTarget;
			buildConfigurationList = 1821AAA11CBAEC8D001D9E5B /* Build configuration list for PBXNativeTarget "OnTheMap" */;
			buildPhases = (
				1821AA751CBAEC8D001D9E5B /* Sources */,
				1821AA761CBAEC8D001D9E5B /* Frameworks */,
				1821AA771CBAEC8D001D9E5B /* Resources */,
			);
			buildRules = (
			);
			dependencies = (
			);
			name = OnTheMap;
			productName = OnTheMap;
			productReference = 1821AA791CBAEC8D001D9E5B /* OnTheMap.app */;
			productType = "com.apple.product-type.application";
		};
		1821AA8C1CBAEC8D001D9E5B /* OnTheMapTests */ = {
			isa = PBXNativeTarget;
			buildConfigurationList = 1821AAA41CBAEC8D001D9E5B /* Build configuration list for PBXNativeTarget "OnTheMapTests" */;
			buildPhases = (
				1821AA891CBAEC8D001D9E5B /* Sources */,
				1821AA8A1CBAEC8D001D9E5B /* Frameworks */,
				1821AA8B1CBAEC8D001D9E5B /* Resources */,
			);
			buildRules = (
			);
			dependencies = (
				1821AA8F1CBAEC8D001D9E5B /* PBXTargetDependency */,
			);
			name = OnTheMapTests;
			productName = OnTheMapTests;
			productReference = 1821AA8D1CBAEC8D001D9E5B /* OnTheMapTests.xctest */;
			productType = "com.apple.product-type.bundle.unit-test";
		};
		1821AA971CBAEC8D001D9E5B /* OnTheMapUITests */ = {
			isa = PBXNativeTarget;
			buildConfigurationList = 1821AAA71CBAEC8D001D9E5B /* Build configuration list for PBXNativeTarget "OnTheMapUITests" */;
			buildPhases = (
				1821AA941CBAEC8D001D9E5B /* Sources */,
				1821AA951CBAEC8D001D9E5B /* Frameworks */,
				1821AA961CBAEC8D001D9E5B /* Resources */,
			);
			buildRules = (
			);
			dependencies = (
				1821AA9A1CBAEC8D001D9E5B /* PBXTargetDependency */,
			);
			name = OnTheMapUITests;
			productName = OnTheMapUITests;
			productReference = 1821AA981CBAEC8D001D9E5B /* OnTheMapUITests.xctest */;
			productType = "com.apple.product-type.bundle.ui-testing";
		};
/* End PBXNativeTarget section */

/* Begin PBXProject section */
		1821AA711CBAEC8D001D9E5B /* Project object */ = {
			isa = PBXProject;
			attributes = {
				LastSwiftUpdateCheck = 0730;
				LastUpgradeCheck = 0730;
				ORGANIZATIONNAME = JennyLouthan;
				TargetAttributes = {
					1821AA781CBAEC8D001D9E5B = {
						CreatedOnToolsVersion = 7.3;
					};
					1821AA8C1CBAEC8D001D9E5B = {
						CreatedOnToolsVersion = 7.3;
						TestTargetID = 1821AA781CBAEC8D001D9E5B;
					};
					1821AA971CBAEC8D001D9E5B = {
						CreatedOnToolsVersion = 7.3;
						TestTargetID = 1821AA781CBAEC8D001D9E5B;
					};
				};
			};
			buildConfigurationList = 1821AA741CBAEC8D001D9E5B /* Build configuration list for PBXProject "OnTheMap" */;
			compatibilityVersion = "Xcode 3.2";
			developmentRegion = English;
			hasScannedForEncodings = 0;
			knownRegions = (
				en,
				Base,
			);
			mainGroup = 1821AA701CBAEC8D001D9E5B;
			productRefGroup = 1821AA7A1CBAEC8D001D9E5B /* Products */;
			projectDirPath = "";
			projectRoot = "";
			targets = (
				1821AA781CBAEC8D001D9E5B /* OnTheMap */,
				1821AA8C1CBAEC8D001D9E5B /* OnTheMapTests */,
				1821AA971CBAEC8D001D9E5B /* OnTheMapUITests */,
			);
		};
/* End PBXProject section */

/* Begin PBXResourcesBuildPhase section */
		1821AA771CBAEC8D001D9E5B /* Resources */ = {
			isa = PBXResourcesBuildPhase;
			buildActionMask = 2147483647;
			files = (
				1821AA871CBAEC8D001D9E5B /* LaunchScreen.storyboard in Resources */,
				1821AA841CBAEC8D001D9E5B /* Assets.xcassets in Resources */,
				1821AA821CBAEC8D001D9E5B /* Main.storyboard in Resources */,
			);
			runOnlyForDeploymentPostprocessing = 0;
		};
		1821AA8B1CBAEC8D001D9E5B /* Resources */ = {
			isa = PBXResourcesBuildPhase;
			buildActionMask = 2147483647;
			files = (
			);
			runOnlyForDeploymentPostprocessing = 0;
		};
		1821AA961CBAEC8D001D9E5B /* Resources */ = {
			isa = PBXResourcesBuildPhase;
			buildActionMask = 2147483647;
			files = (
			);
			runOnlyForDeploymentPostprocessing = 0;
		};
/* End PBXResourcesBuildPhase section */

/* Begin PBXSourcesBuildPhase section */
		1821AA751CBAEC8D001D9E5B /* Sources */ = {
			isa = PBXSourcesBuildPhase;
			buildActionMask = 2147483647;
			files = (
				1821AAB41CBAF9E3001D9E5B /* UdacityClient.swift in Sources */,
				1821AAB01CBAF99B001D9E5B /* NetworkRequestBuilder.swift in Sources */,
				1821AAAE1CBAF2C3001D9E5B /* LoginViewController.swift in Sources */,
				1821AA7F1CBAEC8D001D9E5B /* ViewController.swift in Sources */,
				1821AA7D1CBAEC8D001D9E5B /* AppDelegate.swift in Sources */,
				1821AAB81CBB007C001D9E5B /* UdacityConvenience.swift in Sources */,
				1821AAB61CBAFEAA001D9E5B /* UdacityConstants.swift in Sources */,
			);
			runOnlyForDeploymentPostprocessing = 0;
		};
		1821AA891CBAEC8D001D9E5B /* Sources */ = {
			isa = PBXSourcesBuildPhase;
			buildActionMask = 2147483647;
			files = (
				1821AA921CBAEC8D001D9E5B /* OnTheMapTests.swift in Sources */,
			);
			runOnlyForDeploymentPostprocessing = 0;
		};
		1821AA941CBAEC8D001D9E5B /* Sources */ = {
			isa = PBXSourcesBuildPhase;
			buildActionMask = 2147483647;
			files = (
				1821AA9D1CBAEC8D001D9E5B /* OnTheMapUITests.swift in Sources */,
			);
			runOnlyForDeploymentPostprocessing = 0;
		};
/* End PBXSourcesBuildPhase section */

/* Begin PBXTargetDependency section */
		1821AA8F1CBAEC8D001D9E5B /* PBXTargetDependency */ = {
			isa = PBXTargetDependency;
			target = 1821AA781CBAEC8D001D9E5B /* OnTheMap */;
			targetProxy = 1821AA8E1CBAEC8D001D9E5B /* PBXContainerItemProxy */;
		};
		1821AA9A1CBAEC8D001D9E5B /* PBXTargetDependency */ = {
			isa = PBXTargetDependency;
			target = 1821AA781CBAEC8D001D9E5B /* OnTheMap */;
			targetProxy = 1821AA991CBAEC8D001D9E5B /* PBXContainerItemProxy */;
		};
/* End PBXTargetDependency section */

/* Begin PBXVariantGroup section */
		1821AA801CBAEC8D001D9E5B /* Main.storyboard */ = {
			isa = PBXVariantGroup;
			children = (
				1821AA811CBAEC8D001D9E5B /* Base */,
			);
			name = Main.storyboard;
			sourceTree = "<group>";
		};
		1821AA851CBAEC8D001D9E5B /* LaunchScreen.storyboard */ = {
			isa = PBXVariantGroup;
			children = (
				1821AA861CBAEC8D001D9E5B /* Base */,
			);
			name = LaunchScreen.storyboard;
			sourceTree = "<group>";
		};
/* End PBXVariantGroup section */

/* Begin XCBuildConfiguration section */
		1821AA9F1CBAEC8D001D9E5B /* Debug */ = {
			isa = XCBuildConfiguration;
			buildSettings = {
				ALWAYS_SEARCH_USER_PATHS = NO;
				CLANG_ANALYZER_NONNULL = YES;
				CLANG_CXX_LANGUAGE_STANDARD = "gnu++0x";
				CLANG_CXX_LIBRARY = "libc++";
				CLANG_ENABLE_MODULES = YES;
				CLANG_ENABLE_OBJC_ARC = YES;
				CLANG_WARN_BOOL_CONVERSION = YES;
				CLANG_WARN_CONSTANT_CONVERSION = YES;
				CLANG_WARN_DIRECT_OBJC_ISA_USAGE = YES_ERROR;
				CLANG_WARN_EMPTY_BODY = YES;
				CLANG_WARN_ENUM_CONVERSION = YES;
				CLANG_WARN_INT_CONVERSION = YES;
				CLANG_WARN_OBJC_ROOT_CLASS = YES_ERROR;
				CLANG_WARN_UNREACHABLE_CODE = YES;
				CLANG_WARN__DUPLICATE_METHOD_MATCH = YES;
				"CODE_SIGN_IDENTITY[sdk=iphoneos*]" = "iPhone Developer";
				COPY_PHASE_STRIP = NO;
				DEBUG_INFORMATION_FORMAT = dwarf;
				ENABLE_STRICT_OBJC_MSGSEND = YES;
				ENABLE_TESTABILITY = YES;
				GCC_C_LANGUAGE_STANDARD = gnu99;
				GCC_DYNAMIC_NO_PIC = NO;
				GCC_NO_COMMON_BLOCKS = YES;
				GCC_OPTIMIZATION_LEVEL = 0;
				GCC_PREPROCESSOR_DEFINITIONS = (
					"DEBUG=1",
					"$(inherited)",
				);
				GCC_WARN_64_TO_32_BIT_CONVERSION = YES;
				GCC_WARN_ABOUT_RETURN_TYPE = YES_ERROR;
				GCC_WARN_UNDECLARED_SELECTOR = YES;
				GCC_WARN_UNINITIALIZED_AUTOS = YES_AGGRESSIVE;
				GCC_WARN_UNUSED_FUNCTION = YES;
				GCC_WARN_UNUSED_VARIABLE = YES;
				IPHONEOS_DEPLOYMENT_TARGET = 9.3;
				MTL_ENABLE_DEBUG_INFO = YES;
				ONLY_ACTIVE_ARCH = YES;
				SDKROOT = iphoneos;
				SWIFT_OPTIMIZATION_LEVEL = "-Onone";
			};
			name = Debug;
		};
		1821AAA01CBAEC8D001D9E5B /* Release */ = {
			isa = XCBuildConfiguration;
			buildSettings = {
				ALWAYS_SEARCH_USER_PATHS = NO;
				CLANG_ANALYZER_NONNULL = YES;
				CLANG_CXX_LANGUAGE_STANDARD = "gnu++0x";
				CLANG_CXX_LIBRARY = "libc++";
				CLANG_ENABLE_MODULES = YES;
				CLANG_ENABLE_OBJC_ARC = YES;
				CLANG_WARN_BOOL_CONVERSION = YES;
				CLANG_WARN_CONSTANT_CONVERSION = YES;
				CLANG_WARN_DIRECT_OBJC_ISA_USAGE = YES_ERROR;
				CLANG_WARN_EMPTY_BODY = YES;
				CLANG_WARN_ENUM_CONVERSION = YES;
				CLANG_WARN_INT_CONVERSION = YES;
				CLANG_WARN_OBJC_ROOT_CLASS = YES_ERROR;
				CLANG_WARN_UNREACHABLE_CODE = YES;
				CLANG_WARN__DUPLICATE_METHOD_MATCH = YES;
				"CODE_SIGN_IDENTITY[sdk=iphoneos*]" = "iPhone Developer";
				COPY_PHASE_STRIP = NO;
				DEBUG_INFORMATION_FORMAT = "dwarf-with-dsym";
				ENABLE_NS_ASSERTIONS = NO;
				ENABLE_STRICT_OBJC_MSGSEND = YES;
				GCC_C_LANGUAGE_STANDARD = gnu99;
				GCC_NO_COMMON_BLOCKS = YES;
				GCC_WARN_64_TO_32_BIT_CONVERSION = YES;
				GCC_WARN_ABOUT_RETURN_TYPE = YES_ERROR;
				GCC_WARN_UNDECLARED_SELECTOR = YES;
				GCC_WARN_UNINITIALIZED_AUTOS = YES_AGGRESSIVE;
				GCC_WARN_UNUSED_FUNCTION = YES;
				GCC_WARN_UNUSED_VARIABLE = YES;
				IPHONEOS_DEPLOYMENT_TARGET = 9.3;
				MTL_ENABLE_DEBUG_INFO = NO;
				SDKROOT = iphoneos;
				VALIDATE_PRODUCT = YES;
			};
			name = Release;
		};
		1821AAA21CBAEC8D001D9E5B /* Debug */ = {
			isa = XCBuildConfiguration;
			buildSettings = {
				ASSETCATALOG_COMPILER_APPICON_NAME = AppIcon;
				INFOPLIST_FILE = OnTheMap/Info.plist;
				LD_RUNPATH_SEARCH_PATHS = "$(inherited) @executable_path/Frameworks";
				PRODUCT_BUNDLE_IDENTIFIER = com.jennylouthan.OnTheMap;
				PRODUCT_NAME = "$(TARGET_NAME)";
			};
			name = Debug;
		};
		1821AAA31CBAEC8D001D9E5B /* Release */ = {
			isa = XCBuildConfiguration;
			buildSettings = {
				ASSETCATALOG_COMPILER_APPICON_NAME = AppIcon;
				INFOPLIST_FILE = OnTheMap/Info.plist;
				LD_RUNPATH_SEARCH_PATHS = "$(inherited) @executable_path/Frameworks";
				PRODUCT_BUNDLE_IDENTIFIER = com.jennylouthan.OnTheMap;
				PRODUCT_NAME = "$(TARGET_NAME)";
			};
			name = Release;
		};
		1821AAA51CBAEC8D001D9E5B /* Debug */ = {
			isa = XCBuildConfiguration;
			buildSettings = {
				BUNDLE_LOADER = "$(TEST_HOST)";
				INFOPLIST_FILE = OnTheMapTests/Info.plist;
				LD_RUNPATH_SEARCH_PATHS = "$(inherited) @executable_path/Frameworks @loader_path/Frameworks";
				PRODUCT_BUNDLE_IDENTIFIER = com.jennylouthan.OnTheMapTests;
				PRODUCT_NAME = "$(TARGET_NAME)";
				TEST_HOST = "$(BUILT_PRODUCTS_DIR)/OnTheMap.app/OnTheMap";
			};
			name = Debug;
		};
		1821AAA61CBAEC8D001D9E5B /* Release */ = {
			isa = XCBuildConfiguration;
			buildSettings = {
				BUNDLE_LOADER = "$(TEST_HOST)";
				INFOPLIST_FILE = OnTheMapTests/Info.plist;
				LD_RUNPATH_SEARCH_PATHS = "$(inherited) @executable_path/Frameworks @loader_path/Frameworks";
				PRODUCT_BUNDLE_IDENTIFIER = com.jennylouthan.OnTheMapTests;
				PRODUCT_NAME = "$(TARGET_NAME)";
				TEST_HOST = "$(BUILT_PRODUCTS_DIR)/OnTheMap.app/OnTheMap";
			};
			name = Release;
		};
		1821AAA81CBAEC8D001D9E5B /* Debug */ = {
			isa = XCBuildConfiguration;
			buildSettings = {
				INFOPLIST_FILE = OnTheMapUITests/Info.plist;
				LD_RUNPATH_SEARCH_PATHS = "$(inherited) @executable_path/Frameworks @loader_path/Frameworks";
				PRODUCT_BUNDLE_IDENTIFIER = com.jennylouthan.OnTheMapUITests;
				PRODUCT_NAME = "$(TARGET_NAME)";
				TEST_TARGET_NAME = OnTheMap;
			};
			name = Debug;
		};
		1821AAA91CBAEC8D001D9E5B /* Release */ = {
			isa = XCBuildConfiguration;
			buildSettings = {
				INFOPLIST_FILE = OnTheMapUITests/Info.plist;
				LD_RUNPATH_SEARCH_PATHS = "$(inherited) @executable_path/Frameworks @loader_path/Frameworks";
				PRODUCT_BUNDLE_IDENTIFIER = com.jennylouthan.OnTheMapUITests;
				PRODUCT_NAME = "$(TARGET_NAME)";
				TEST_TARGET_NAME = OnTheMap;
			};
			name = Release;
		};
/* End XCBuildConfiguration section */

/* Begin XCConfigurationList section */
		1821AA741CBAEC8D001D9E5B /* Build configuration list for PBXProject "OnTheMap" */ = {
			isa = XCConfigurationList;
			buildConfigurations = (
				1821AA9F1CBAEC8D001D9E5B /* Debug */,
				1821AAA01CBAEC8D001D9E5B /* Release */,
			);
			defaultConfigurationIsVisible = 0;
			defaultConfigurationName = Release;
		};
		1821AAA11CBAEC8D001D9E5B /* Build configuration list for PBXNativeTarget "OnTheMap" */ = {
			isa = XCConfigurationList;
			buildConfigurations = (
				1821AAA21CBAEC8D001D9E5B /* Debug */,
				1821AAA31CBAEC8D001D9E5B /* Release */,
			);
			defaultConfigurationIsVisible = 0;
		};
		1821AAA41CBAEC8D001D9E5B /* Build configuration list for PBXNativeTarget "OnTheMapTests" */ = {
			isa = XCConfigurationList;
			buildConfigurations = (
				1821AAA51CBAEC8D001D9E5B /* Debug */,
				1821AAA61CBAEC8D001D9E5B /* Release */,
			);
			defaultConfigurationIsVisible = 0;
		};
		1821AAA71CBAEC8D001D9E5B /* Build configuration list for PBXNativeTarget "OnTheMapUITests" */ = {
			isa = XCConfigurationList;
			buildConfigurations = (
				1821AAA81CBAEC8D001D9E5B /* Debug */,
				1821AAA91CBAEC8D001D9E5B /* Release */,
			);
			defaultConfigurationIsVisible = 0;
		};
/* End XCConfigurationList section */
	};
	rootObject = 1821AA711CBAEC8D001D9E5B /* Project object */;
}
